github.com/amatsagu/tempest v1.3.4-0.20251007174012-6ea167dcd3fe h1:6f5WVCfFSISIRdTCDm4wTFgAxIv4wtAdsrB+k/GhYzg=
github.com/amatsagu/tempest v1.3.4-0.20251007174012-6ea167dcd3fe/go.mod h1:01qHm96xmjNLOd8ErseQuFKvdwdYrXcHpkTY4t3a2NA=
github.com/amatsagu/tempest v1.3.4 h1:DHDkF8lvPlNwCqJyS7jsLsgVp4gtcFWkyy78Nwu+Z2Y=
github.com/amatsagu/tempest v1.3.4/go.mod h1:01qHm96xmjNLOd8ErseQuFKvdwdYrXcHpkTY4t3a2NA=
github.com/amatsagu/tempest v1.3.5 h1:4n/MQjmG106msPaWEvi7Aw1CI7R8OmkareLskQ5P8qw=
github.com/amatsagu/tempest v1.3.5/go.mod h1:IG4i6tLyB2jw/glF5p6pr1ORQE4y/fF2a5tXUQrRHec=
github.com/gorilla/websocket v1.5.3 h1:saDtZ6Pbx/0u+bgYQ3q96pZgCzfhKXGPqt7kZ72aNNg=
github.com/gorilla/websocket v1.5.3/go.mod h1:YR8l580nyteQvAITg2hZ9XVh4b55+EU/adAjf1fMHhE=
